{
  "version": 4,
  "terraform_version": "1.4.6",
  "serial": 29,
  "lineage": "8c3e19a7-3d3e-f298-fe04-5c5b2741bc3a",
  "outputs": {},
  "resources": [
    {
      "module": "module.acm",
      "mode": "data",
      "type": "aws_route53_zone",
      "name": "route53_zone",
      "provider": "provider[\"registry.terraform.io/hashicorp/aws\"]",
      "instances": [
        {
          "schema_version": 0,
          "attributes": {
            "arn": "arn:aws:route53:::hostedzone/Z0102513NK80IWHPYPDX",
            "caller_reference": "3bd76cea-d019-48bb-bfbd-345af653f031",
            "comment": "",
            "id": "Z0102513NK80IWHPYPDX",
            "linked_service_description": null,
            "linked_service_principal": null,
            "name": "olufunsoojo.com",
            "name_servers": [
              "ns-392.awsdns-49.com",
              "ns-604.awsdns-11.net",
              "ns-1119.awsdns-11.org",
              "ns-1560.awsdns-03.co.uk"
            ],
            "primary_name_server": "ns-392.awsdns-49.com",
            "private_zone": false,
            "resource_record_set_count": 3,
            "tags": {},
            "vpc_id": null,
            "zone_id": "Z0102513NK80IWHPYPDX"
          },
          "sensitive_attributes": []
        }
      ]
    },
    {
      "module": "module.acm",
      "mode": "managed",
      "type": "aws_acm_certificate",
      "name": "acm_certificate",
      "provider": "provider[\"registry.terraform.io/hashicorp/aws\"]",
      "instances": [
        {
          "schema_version": 0,
          "attributes": {
            "arn": "arn:aws:acm:eu-west-2:129372081370:certificate/5ecc8d4e-ae6a-466b-a250-46fc9fe86dc7",
            "certificate_authority_arn": "",
            "certificate_body": null,
            "certificate_chain": null,
            "domain_name": "olufunsoojo.com",
            "domain_validation_options": [
              {
                "domain_name": "*.olufunsoojo.com",
                "resource_record_name": "_1ddc9c4058736b8d37c57c0bc6b5205a.olufunsoojo.com.",
                "resource_record_type": "CNAME",
                "resource_record_value": "_a613810509e815ffbc4482173bf0577d.zqxwgxqjmm.acm-validations.aws."
              },
              {
                "domain_name": "olufunsoojo.com",
                "resource_record_name": "_1ddc9c4058736b8d37c57c0bc6b5205a.olufunsoojo.com.",
                "resource_record_type": "CNAME",
                "resource_record_value": "_a613810509e815ffbc4482173bf0577d.zqxwgxqjmm.acm-validations.aws."
              }
            ],
            "early_renewal_duration": "",
            "id": "arn:aws:acm:eu-west-2:129372081370:certificate/5ecc8d4e-ae6a-466b-a250-46fc9fe86dc7",
            "key_algorithm": "RSA_2048",
            "not_after": "",
            "not_before": "",
            "options": [
              {
                "certificate_transparency_logging_preference": "ENABLED"
              }
            ],
            "pending_renewal": false,
            "private_key": null,
            "renewal_eligibility": "INELIGIBLE",
            "renewal_summary": [],
            "status": "PENDING_VALIDATION",
            "subject_alternative_names": [
              "*.olufunsoojo.com",
              "olufunsoojo.com"
            ],
            "tags": null,
            "tags_all": {},
            "type": "AMAZON_ISSUED",
            "validation_emails": [],
            "validation_method": "DNS",
            "validation_option": []
          },
          "sensitive_attributes": [],
          "private": "bnVsbA==",
          "create_before_destroy": true
        }
      ]
    },
    {
      "module": "module.acm",
      "mode": "managed",
      "type": "aws_route53_record",
      "name": "route53_record",
      "provider": "provider[\"registry.terraform.io/hashicorp/aws\"]",
      "instances": [
        {
          "index_key": "*.olufunsoojo.com",
          "schema_version": 2,
          "attributes": {
            "alias": [],
            "allow_overwrite": true,
            "cidr_routing_policy": [],
            "failover_routing_policy": [],
            "fqdn": "_1ddc9c4058736b8d37c57c0bc6b5205a.olufunsoojo.com",
            "geolocation_routing_policy": [],
            "health_check_id": "",
            "id": "Z0102513NK80IWHPYPDX__1ddc9c4058736b8d37c57c0bc6b5205a.olufunsoojo.com._CNAME",
            "latency_routing_policy": [],
            "multivalue_answer_routing_policy": false,
            "name": "_1ddc9c4058736b8d37c57c0bc6b5205a.olufunsoojo.com",
            "records": [
              "_a613810509e815ffbc4482173bf0577d.zqxwgxqjmm.acm-validations.aws."
            ],
            "set_identifier": "",
            "ttl": 60,
            "type": "CNAME",
            "weighted_routing_policy": [],
            "zone_id": "Z0102513NK80IWHPYPDX"
          },
          "sensitive_attributes": [],
          "private": "eyJzY2hlbWFfdmVyc2lvbiI6IjIifQ==",
          "dependencies": [
            "module.acm.aws_acm_certificate.acm_certificate",
            "module.acm.data.aws_route53_zone.route53_zone"
          ]
        },
        {
          "index_key": "olufunsoojo.com",
          "schema_version": 2,
          "attributes": {
            "alias": [],
            "allow_overwrite": true,
            "cidr_routing_policy": [],
            "failover_routing_policy": [],
            "fqdn": "_1ddc9c4058736b8d37c57c0bc6b5205a.olufunsoojo.com",
            "geolocation_routing_policy": [],
            "health_check_id": "",
            "id": "Z0102513NK80IWHPYPDX__1ddc9c4058736b8d37c57c0bc6b5205a.olufunsoojo.com._CNAME",
            "latency_routing_policy": [],
            "multivalue_answer_routing_policy": false,
            "name": "_1ddc9c4058736b8d37c57c0bc6b5205a.olufunsoojo.com",
            "records": [
              "_a613810509e815ffbc4482173bf0577d.zqxwgxqjmm.acm-validations.aws."
            ],
            "set_identifier": "",
            "ttl": 60,
            "type": "CNAME",
            "weighted_routing_policy": [],
            "zone_id": "Z0102513NK80IWHPYPDX"
          },
          "sensitive_attributes": [],
          "private": "eyJzY2hlbWFfdmVyc2lvbiI6IjIifQ==",
          "dependencies": [
            "module.acm.aws_acm_certificate.acm_certificate",
            "module.acm.data.aws_route53_zone.route53_zone"
          ]
        }
      ]
    },
    {
      "module": "module.ansible",
      "mode": "managed",
      "type": "aws_iam_access_key",
      "name": "user-access-key",
      "provider": "provider[\"registry.terraform.io/hashicorp/aws\"]",
      "instances": [
        {
          "schema_version": 0,
          "attributes": {
            "create_date": "2023-11-06T00:08:23Z",
            "encrypted_secret": null,
            "encrypted_ses_smtp_password_v4": null,
            "id": "AKIAR4HZNJTNPUEFVK4K",
            "key_fingerprint": null,
            "pgp_key": null,
            "secret": "xAa2IQT5swH/ta0q+svz6y+NOz3VHam+/iCHdYi6",
            "ses_smtp_password_v4": "BLVV28iALjqP0sikr5jJWad0gcl7ZfLkHBB0OBMmIO8d",
            "status": "Active",
            "user": "ansible-user"
          },
          "sensitive_attributes": [],
          "private": "bnVsbA==",
          "dependencies": [
            "module.ansible.aws_iam_user.user"
          ]
        }
      ]
    },
    {
      "module": "module.ansible",
      "mode": "managed",
      "type": "aws_iam_group",
      "name": "group",
      "provider": "provider[\"registry.terraform.io/hashicorp/aws\"]",
      "instances": [
        {
          "schema_version": 0,
          "attributes": {
            "arn": "arn:aws:iam::129372081370:group/ansible-group",
            "id": "ansible-group",
            "name": "ansible-group",
            "path": "/",
            "unique_id": "AGPAR4HZNJTNEYXTQPCSV"
          },
          "sensitive_attributes": [],
          "private": "bnVsbA=="
        }
      ]
    },
    {
      "module": "module.ansible",
      "mode": "managed",
      "type": "aws_iam_group_policy_attachment",
      "name": "policy",
      "provider": "provider[\"registry.terraform.io/hashicorp/aws\"]",
      "instances": [
        {
          "schema_version": 0,
          "attributes": {
            "group": "ansible-group",
            "id": "ansible-group-20231106000823252900000003",
            "policy_arn": "arn:aws:iam::aws:policy/AmazonEC2FullAccess"
          },
          "sensitive_attributes": [],
          "private": "bnVsbA==",
          "dependencies": [
            "module.ansible.aws_iam_group.group"
          ]
        }
      ]
    },
    {
      "module": "module.ansible",
      "mode": "managed",
      "type": "aws_iam_user",
      "name": "user",
      "provider": "provider[\"registry.terraform.io/hashicorp/aws\"]",
      "instances": [
        {
          "schema_version": 0,
          "attributes": {
            "arn": "arn:aws:iam::129372081370:user/ansible-user",
            "force_destroy": false,
            "id": "ansible-user",
            "name": "ansible-user",
            "path": "/",
            "permissions_boundary": "",
            "tags": null,
            "tags_all": {},
            "unique_id": "AIDAR4HZNJTNJ2OJYGF6G"
          },
          "sensitive_attributes": [],
          "private": "bnVsbA=="
        }
      ]
    },
    {
      "module": "module.ansible",
      "mode": "managed",
      "type": "aws_iam_user_group_membership",
      "name": "team",
      "provider": "provider[\"registry.terraform.io/hashicorp/aws\"]",
      "instances": [
        {
          "schema_version": 0,
          "attributes": {
            "groups": [
              "ansible-group"
            ],
            "id": "terraform-20231106000823240800000002",
            "user": "ansible-user"
          },
          "sensitive_attributes": [],
          "private": "bnVsbA==",
          "dependencies": [
            "module.ansible.aws_iam_group.group",
            "module.ansible.aws_iam_user.user"
          ]
        }
      ]
    },
    {
      "module": "module.ansible",
      "mode": "managed",
      "type": "aws_instance",
      "name": "ansible_server",
      "provider": "provider[\"registry.terraform.io/hashicorp/aws\"]",
      "instances": []
    },
    {
      "module": "module.asg-prod",
      "mode": "managed",
      "type": "aws_launch_template",
      "name": "prod_lt",
      "provider": "provider[\"registry.terraform.io/hashicorp/aws\"]",
      "instances": []
    },
    {
      "module": "module.asg-stage",
      "mode": "managed",
      "type": "aws_autoscaling_group",
      "name": "stage-asg",
      "provider": "provider[\"registry.terraform.io/hashicorp/aws\"]",
      "instances": []
    },
    {
      "module": "module.asg-stage",
      "mode": "managed",
      "type": "aws_autoscaling_policy",
      "name": "asg-policy",
      "provider": "provider[\"registry.terraform.io/hashicorp/aws\"]",
      "instances": []
    },
    {
      "module": "module.asg-stage",
      "mode": "managed",
      "type": "aws_launch_template",
      "name": "stage_lt",
      "provider": "provider[\"registry.terraform.io/hashicorp/aws\"]",
      "instances": []
    },
    {
      "module": "module.bastion",
      "mode": "managed",
      "type": "aws_instance",
      "name": "bastion",
      "provider": "provider[\"registry.terraform.io/hashicorp/aws\"]",
      "instances": []
    },
    {
      "module": "module.database",
      "mode": "managed",
      "type": "aws_db_instance",
      "name": "acaadppetdb",
      "provider": "provider[\"registry.terraform.io/hashicorp/aws\"]",
      "instances": []
    },
    {
      "module": "module.database",
      "mode": "managed",
      "type": "aws_db_subnet_group",
      "name": "acaadppet_db_sng",
      "provider": "provider[\"registry.terraform.io/hashicorp/aws\"]",
      "instances": []
    },
    {
      "module": "module.jenkins",
      "mode": "managed",
      "type": "aws_elb",
      "name": "lb",
      "provider": "provider[\"registry.terraform.io/hashicorp/aws\"]",
      "instances": []
    },
    {
      "module": "module.jenkins",
      "mode": "managed",
      "type": "aws_instance",
      "name": "Jenkins_Server",
      "provider": "provider[\"registry.terraform.io/hashicorp/aws\"]",
      "instances": []
    },
    {
      "module": "module.nexus",
      "mode": "managed",
      "type": "aws_instance",
      "name": "nexus-server",
      "provider": "provider[\"registry.terraform.io/hashicorp/aws\"]",
      "instances": []
    },
    {
      "module": "module.prod-lb",
      "mode": "managed",
      "type": "aws_lb",
      "name": "prod-alb",
      "provider": "provider[\"registry.terraform.io/hashicorp/aws\"]",
      "instances": []
    },
    {
      "module": "module.prod-lb",
      "mode": "managed",
      "type": "aws_lb_listener",
      "name": "https-prod",
      "provider": "provider[\"registry.terraform.io/hashicorp/aws\"]",
      "instances": []
    },
    {
      "module": "module.prod-lb",
      "mode": "managed",
      "type": "aws_lb_listener",
      "name": "prod-http",
      "provider": "provider[\"registry.terraform.io/hashicorp/aws\"]",
      "instances": []
    },
    {
      "module": "module.prod-lb",
      "mode": "managed",
      "type": "aws_lb_target_group",
      "name": "target_group_prod",
      "provider": "provider[\"registry.terraform.io/hashicorp/aws\"]",
      "instances": [
        {
          "schema_version": 0,
          "attributes": {
            "arn": "arn:aws:elasticloadbalancing:eu-west-2:129372081370:targetgroup/peniel-prod-tg/ed70e88aec20ef9f",
            "arn_suffix": "targetgroup/peniel-prod-tg/ed70e88aec20ef9f",
            "connection_termination": null,
            "deregistration_delay": "300",
            "health_check": [
              {
                "enabled": true,
                "healthy_threshold": 3,
                "interval": 30,
                "matcher": "200",
                "path": "/",
                "port": "traffic-port",
                "protocol": "HTTP",
                "timeout": 5,
                "unhealthy_threshold": 5
              }
            ],
            "id": "arn:aws:elasticloadbalancing:eu-west-2:129372081370:targetgroup/peniel-prod-tg/ed70e88aec20ef9f",
            "ip_address_type": "ipv4",
            "lambda_multi_value_headers_enabled": false,
            "load_balancing_algorithm_type": "round_robin",
            "load_balancing_cross_zone_enabled": "use_load_balancer_configuration",
            "name": "peniel-prod-tg",
            "name_prefix": "",
            "port": 8080,
            "preserve_client_ip": null,
            "protocol": "HTTP",
            "protocol_version": "HTTP1",
            "proxy_protocol_v2": false,
            "slow_start": 0,
            "stickiness": [
              {
                "cookie_duration": 86400,
                "cookie_name": "",
                "enabled": false,
                "type": "lb_cookie"
              }
            ],
            "tags": null,
            "tags_all": {},
            "target_failover": [
              {
                "on_deregistration": null,
                "on_unhealthy": null
              }
            ],
            "target_health_state": [
              {
                "enable_unhealthy_connection_termination": null
              }
            ],
            "target_type": "instance",
            "vpc_id": "vpc-08aba60287d5bb76e"
          },
          "sensitive_attributes": [],
          "private": "bnVsbA==",
          "dependencies": [
            "module.vpc.aws_vpc.vpc"
          ]
        }
      ]
    },
    {
      "module": "module.route53",
      "mode": "data",
      "type": "aws_route53_zone",
      "name": "route53_zone",
      "provider": "provider[\"registry.terraform.io/hashicorp/aws\"]",
      "instances": [
        {
          "schema_version": 0,
          "attributes": {
            "arn": "arn:aws:route53:::hostedzone/Z0102513NK80IWHPYPDX",
            "caller_reference": "3bd76cea-d019-48bb-bfbd-345af653f031",
            "comment": "",
            "id": "Z0102513NK80IWHPYPDX",
            "linked_service_description": null,
            "linked_service_principal": null,
            "name": "olufunsoojo.com",
            "name_servers": [
              "ns-392.awsdns-49.com",
              "ns-604.awsdns-11.net",
              "ns-1119.awsdns-11.org",
              "ns-1560.awsdns-03.co.uk"
            ],
            "primary_name_server": "ns-392.awsdns-49.com",
            "private_zone": false,
            "resource_record_set_count": 3,
            "tags": {},
            "vpc_id": null,
            "zone_id": "Z0102513NK80IWHPYPDX"
          },
          "sensitive_attributes": []
        }
      ]
    },
    {
      "module": "module.route53",
      "mode": "managed",
      "type": "aws_route53_record",
      "name": "prod",
      "provider": "provider[\"registry.terraform.io/hashicorp/aws\"]",
      "instances": []
    },
    {
      "module": "module.route53",
      "mode": "managed",
      "type": "aws_route53_record",
      "name": "stage",
      "provider": "provider[\"registry.terraform.io/hashicorp/aws\"]",
      "instances": []
    },
    {
      "module": "module.sonarqube",
      "mode": "managed",
      "type": "aws_instance",
      "name": "SonarQube_Server",
      "provider": "provider[\"registry.terraform.io/hashicorp/aws\"]",
      "instances": []
    },
    {
      "module": "module.stage-lb",
      "mode": "managed",
      "type": "aws_lb",
      "name": "stage-alb",
      "provider": "provider[\"registry.terraform.io/hashicorp/aws\"]",
      "instances": []
    },
    {
      "module": "module.stage-lb",
      "mode": "managed",
      "type": "aws_lb_listener",
      "name": "https-stage",
      "provider": "provider[\"registry.terraform.io/hashicorp/aws\"]",
      "instances": []
    },
    {
      "module": "module.stage-lb",
      "mode": "managed",
      "type": "aws_lb_listener",
      "name": "stage-http",
      "provider": "provider[\"registry.terraform.io/hashicorp/aws\"]",
      "instances": []
    },
    {
      "module": "module.stage-lb",
      "mode": "managed",
      "type": "aws_lb_target_group",
      "name": "target-group",
      "provider": "provider[\"registry.terraform.io/hashicorp/aws\"]",
      "instances": [
        {
          "schema_version": 0,
          "attributes": {
            "arn": "arn:aws:elasticloadbalancing:eu-west-2:129372081370:targetgroup/peniel-stage-tg/a6c4698a00a64e0c",
            "arn_suffix": "targetgroup/peniel-stage-tg/a6c4698a00a64e0c",
            "connection_termination": null,
            "deregistration_delay": "300",
            "health_check": [
              {
                "enabled": true,
                "healthy_threshold": 3,
                "interval": 30,
                "matcher": "200",
                "path": "/",
                "port": "traffic-port",
                "protocol": "HTTP",
                "timeout": 5,
                "unhealthy_threshold": 5
              }
            ],
            "id": "arn:aws:elasticloadbalancing:eu-west-2:129372081370:targetgroup/peniel-stage-tg/a6c4698a00a64e0c",
            "ip_address_type": "ipv4",
            "lambda_multi_value_headers_enabled": false,
            "load_balancing_algorithm_type": "round_robin",
            "load_balancing_cross_zone_enabled": "use_load_balancer_configuration",
            "name": "peniel-stage-tg",
            "name_prefix": "",
            "port": 8080,
            "preserve_client_ip": null,
            "protocol": "HTTP",
            "protocol_version": "HTTP1",
            "proxy_protocol_v2": false,
            "slow_start": 0,
            "stickiness": [
              {
                "cookie_duration": 86400,
                "cookie_name": "",
                "enabled": false,
                "type": "lb_cookie"
              }
            ],
            "tags": null,
            "tags_all": {},
            "target_failover": [
              {
                "on_deregistration": null,
                "on_unhealthy": null
              }
            ],
            "target_health_state": [
              {
                "enable_unhealthy_connection_termination": null
              }
            ],
            "target_type": "instance",
            "vpc_id": "vpc-08aba60287d5bb76e"
          },
          "sensitive_attributes": [],
          "private": "bnVsbA==",
          "dependencies": [
            "module.vpc.aws_vpc.vpc"
          ]
        }
      ]
    },
    {
      "module": "module.vpc",
      "mode": "managed",
      "type": "aws_eip",
      "name": "eip-for-nat-gateway",
      "provider": "provider[\"registry.terraform.io/hashicorp/aws\"]",
      "instances": [
        {
          "schema_version": 0,
          "attributes": {
            "address": null,
            "allocation_id": "eipalloc-03a3c3c2662557ab9",
            "associate_with_private_ip": null,
            "association_id": "",
            "carrier_ip": "",
            "customer_owned_ip": "",
            "customer_owned_ipv4_pool": "",
            "domain": "vpc",
            "id": "eipalloc-03a3c3c2662557ab9",
            "instance": "",
            "network_border_group": "eu-west-2",
            "network_interface": "",
            "private_dns": null,
            "private_ip": "",
            "public_dns": "ec2-13-43-210-251.eu-west-2.compute.amazonaws.com",
            "public_ip": "13.43.210.251",
            "public_ipv4_pool": "amazon",
            "tags": {
              "Name": "peniel-eip"
            },
            "tags_all": {
              "Name": "peniel-eip"
            },
            "timeouts": null,
            "vpc": true
          },
          "sensitive_attributes": [],
          "private": "eyJlMmJmYjczMC1lY2FhLTExZTYtOGY4OC0zNDM2M2JjN2M0YzAiOnsiZGVsZXRlIjoxODAwMDAwMDAwMDAsInJlYWQiOjkwMDAwMDAwMDAwMCwidXBkYXRlIjozMDAwMDAwMDAwMDB9fQ=="
        }
      ]
    },
    {
      "module": "module.vpc",
      "mode": "managed",
      "type": "aws_internet_gateway",
      "name": "igw",
      "provider": "provider[\"registry.terraform.io/hashicorp/aws\"]",
      "instances": [
        {
          "schema_version": 0,
          "attributes": {
            "arn": "arn:aws:ec2:eu-west-2:129372081370:internet-gateway/igw-09510b4d475fcd414",
            "id": "igw-09510b4d475fcd414",
            "owner_id": "129372081370",
            "tags": {
              "Name": "peniel-igw"
            },
            "tags_all": {
              "Name": "peniel-igw"
            },
            "timeouts": null,
            "vpc_id": "vpc-08aba60287d5bb76e"
          },
          "sensitive_attributes": [],
          "private": "eyJlMmJmYjczMC1lY2FhLTExZTYtOGY4OC0zNDM2M2JjN2M0YzAiOnsiY3JlYXRlIjoxMjAwMDAwMDAwMDAwLCJkZWxldGUiOjEyMDAwMDAwMDAwMDAsInVwZGF0ZSI6MTIwMDAwMDAwMDAwMH19",
          "dependencies": [
            "module.vpc.aws_vpc.vpc"
          ]
        }
      ]
    },
    {
      "module": "module.vpc",
      "mode": "managed",
      "type": "aws_key_pair",
      "name": "key_pair",
      "provider": "provider[\"registry.terraform.io/hashicorp/aws\"]",
      "instances": [
        {
          "schema_version": 1,
          "attributes": {
            "arn": "arn:aws:ec2:eu-west-2:129372081370:key-pair/peniel-keypair",
            "fingerprint": "96:8b:97:e0:6b:81:2c:c4:b6:43:85:ca:eb:e0:09:a0",
            "id": "peniel-keypair",
            "key_name": "peniel-keypair",
            "key_name_prefix": "",
            "key_pair_id": "key-0144db6507fbffaaf",
            "key_type": "rsa",
            "public_key": "ssh-rsa AAAAB3NzaC1yc2EAAAADAQABAAACAQDTG+uwxTE7U7ZvDsTisCVdotw53Ex6JNL1qR5hSIsVYtJ3UmOTvWRmx7I9znYXE8yGKMhmRG75nuSj48TNYJ8RwX8uUkDHkOfdeIVrA4e8uVavQ0qlFq5d7G9FZjnaamvfPkDIUKPAjrLdeCphdZpl+p6ZA5y+cq5957ijbiwtqhsx0kjMzKhodgpeXto7BZDCFbKfYrUPWLXXoj3XxmDe441DweUAGscmKy08S6o51YIx4XdD/EAngSgacA8HYpCOEMI2kPC/MuISghNV7ZJKDOB4LLBLma9JtWvSJScmi532z47rEtA2P/2ZYIdZc3fG7a8b4H9NJ0feY2tsdYRhhAaa2XHKKcpcduMt94REDZVnKzVcBkE1DHGkUkVeYqPYgFqfEoCGDi2MHljuzgHbdILu9GSh8umQxbWg6sxInsJOXZrxuEVEeoZUU76z+PzlA8Kk5KXCoOpFZTjE/UBItD05oMRxNR5WSvfjvMXM4jOhek69iqfpJH2wIeqPpCNFLFu2WQNDzCzNIgyqIGnwL0dNaqzU2xG7i4rMMKD6Li77wAQfZhjdQIh5UhTi3UoQsV/2P7kwW9d1XVEK81zfrbU5NXu4HdbNhyCUsP/zmjItbC4c6eZqaX4o+10Z3x/HaNaEPiiZDGXJhlaQPh8VtbjHIMpG7cvyt1OGaZC63w==",
            "tags": null,
            "tags_all": {}
          },
          "sensitive_attributes": [],
          "private": "eyJzY2hlbWFfdmVyc2lvbiI6IjEifQ==",
          "dependencies": [
            "module.vpc.tls_private_key.keypair"
          ]
        }
      ]
    },
    {
      "module": "module.vpc",
      "mode": "managed",
      "type": "aws_nat_gateway",
      "name": "nat-gateway",
      "provider": "provider[\"registry.terraform.io/hashicorp/aws\"]",
      "instances": []
    },
    {
      "module": "module.vpc",
      "mode": "managed",
      "type": "aws_route_table",
      "name": "private-route-table",
      "provider": "provider[\"registry.terraform.io/hashicorp/aws\"]",
      "instances": []
    },
    {
      "module": "module.vpc",
      "mode": "managed",
      "type": "aws_route_table",
      "name": "public-subnet-RT",
      "provider": "provider[\"registry.terraform.io/hashicorp/aws\"]",
      "instances": [
        {
          "schema_version": 0,
          "attributes": {
            "arn": "arn:aws:ec2:eu-west-2:129372081370:route-table/rtb-0e387f207d559e214",
            "id": "rtb-0e387f207d559e214",
            "owner_id": "129372081370",
            "propagating_vgws": [],
            "route": [
              {
                "carrier_gateway_id": "",
                "cidr_block": "0.0.0.0/0",
                "core_network_arn": "",
                "destination_prefix_list_id": "",
                "egress_only_gateway_id": "",
                "gateway_id": "igw-09510b4d475fcd414",
                "ipv6_cidr_block": "",
                "local_gateway_id": "",
                "nat_gateway_id": "",
                "network_interface_id": "",
                "transit_gateway_id": "",
                "vpc_endpoint_id": "",
                "vpc_peering_connection_id": ""
              }
            ],
            "tags": {
              "Name": "peniel-pubsubrt"
            },
            "tags_all": {
              "Name": "peniel-pubsubrt"
            },
            "timeouts": null,
            "vpc_id": "vpc-08aba60287d5bb76e"
          },
          "sensitive_attributes": [],
          "private": "eyJlMmJmYjczMC1lY2FhLTExZTYtOGY4OC0zNDM2M2JjN2M0YzAiOnsiY3JlYXRlIjozMDAwMDAwMDAwMDAsImRlbGV0ZSI6MzAwMDAwMDAwMDAwLCJ1cGRhdGUiOjEyMDAwMDAwMDAwMH19",
          "dependencies": [
            "module.vpc.aws_internet_gateway.igw",
            "module.vpc.aws_vpc.vpc"
          ]
        }
      ]
    },
    {
      "module": "module.vpc",
      "mode": "managed",
      "type": "aws_route_table_association",
      "name": "Public-RT-ass",
      "provider": "provider[\"registry.terraform.io/hashicorp/aws\"]",
      "instances": []
    },
    {
      "module": "module.vpc",
      "mode": "managed",
      "type": "aws_route_table_association",
      "name": "Public-RT-ass-2",
      "provider": "provider[\"registry.terraform.io/hashicorp/aws\"]",
      "instances": []
    },
    {
      "module": "module.vpc",
      "mode": "managed",
      "type": "aws_route_table_association",
      "name": "private-subnet-1-route-table-association",
      "provider": "provider[\"registry.terraform.io/hashicorp/aws\"]",
      "instances": []
    },
    {
      "module": "module.vpc",
      "mode": "managed",
      "type": "aws_route_table_association",
      "name": "private-subnet-2-route-table-association",
      "provider": "provider[\"registry.terraform.io/hashicorp/aws\"]",
      "instances": []
    },
    {
      "module": "module.vpc",
      "mode": "managed",
      "type": "aws_security_group",
      "name": "Jenkins_SG",
      "provider": "provider[\"registry.terraform.io/hashicorp/aws\"]",
      "instances": [
        {
          "schema_version": 1,
          "attributes": {
            "arn": "arn:aws:ec2:eu-west-2:129372081370:security-group/sg-07e317815b7bd7150",
            "description": "Allow TLS inbound traffic",
            "egress": [
              {
                "cidr_blocks": [
                  "0.0.0.0/0"
                ],
                "description": "",
                "from_port": 0,
                "ipv6_cidr_blocks": [],
                "prefix_list_ids": [],
                "protocol": "-1",
                "security_groups": [],
                "self": false,
                "to_port": 0
              }
            ],
            "id": "sg-07e317815b7bd7150",
            "ingress": [
              {
                "cidr_blocks": [
                  "0.0.0.0/0"
                ],
                "description": "Allow http access",
                "from_port": 80,
                "ipv6_cidr_blocks": [],
                "prefix_list_ids": [],
                "protocol": "tcp",
                "security_groups": [],
                "self": false,
                "to_port": 80
              },
              {
                "cidr_blocks": [
                  "0.0.0.0/0"
                ],
                "description": "Allow proxy access",
                "from_port": 8080,
                "ipv6_cidr_blocks": [],
                "prefix_list_ids": [],
                "protocol": "tcp",
                "security_groups": [],
                "self": false,
                "to_port": 8080
              },
              {
                "cidr_blocks": [
                  "0.0.0.0/0"
                ],
                "description": "Allow ssh access",
                "from_port": 22,
                "ipv6_cidr_blocks": [],
                "prefix_list_ids": [],
                "protocol": "tcp",
                "security_groups": [],
                "self": false,
                "to_port": 22
              }
            ],
            "name": "peniel-jenkins-sg",
            "name_prefix": "",
            "owner_id": "129372081370",
            "revoke_rules_on_delete": false,
            "tags": {
              "Name": "peniel-jenkins-sg"
            },
            "tags_all": {
              "Name": "peniel-jenkins-sg"
            },
            "timeouts": null,
            "vpc_id": "vpc-08aba60287d5bb76e"
          },
          "sensitive_attributes": [],
          "private": "eyJlMmJmYjczMC1lY2FhLTExZTYtOGY4OC0zNDM2M2JjN2M0YzAiOnsiY3JlYXRlIjo2MDAwMDAwMDAwMDAsImRlbGV0ZSI6OTAwMDAwMDAwMDAwfSwic2NoZW1hX3ZlcnNpb24iOiIxIn0=",
          "dependencies": [
            "module.vpc.aws_vpc.vpc"
          ]
        }
      ]
    },
    {
      "module": "module.vpc",
      "mode": "managed",
      "type": "aws_security_group",
      "name": "MYSQL_RDS_SG",
      "provider": "provider[\"registry.terraform.io/hashicorp/aws\"]",
      "instances": [
        {
          "schema_version": 1,
          "attributes": {
            "arn": "arn:aws:ec2:eu-west-2:129372081370:security-group/sg-0f3f2742764e1e032",
            "description": "Allow TLS inbound traffic",
            "egress": [
              {
                "cidr_blocks": [
                  "0.0.0.0/0"
                ],
                "description": "",
                "from_port": 0,
                "ipv6_cidr_blocks": [],
                "prefix_list_ids": [],
                "protocol": "-1",
                "security_groups": [],
                "self": false,
                "to_port": 0
              }
            ],
            "id": "sg-0f3f2742764e1e032",
            "ingress": [
              {
                "cidr_blocks": [
                  "0.0.0.0/0"
                ],
                "description": "Allow MYSQL access",
                "from_port": 3306,
                "ipv6_cidr_blocks": [],
                "prefix_list_ids": [],
                "protocol": "tcp",
                "security_groups": [],
                "self": false,
                "to_port": 3306
              }
            ],
            "name": "peniel-mysql-sg",
            "name_prefix": "",
            "owner_id": "129372081370",
            "revoke_rules_on_delete": false,
            "tags": {
              "Name": "peniel-mysql-sg"
            },
            "tags_all": {
              "Name": "peniel-mysql-sg"
            },
            "timeouts": null,
            "vpc_id": "vpc-08aba60287d5bb76e"
          },
          "sensitive_attributes": [],
          "private": "eyJlMmJmYjczMC1lY2FhLTExZTYtOGY4OC0zNDM2M2JjN2M0YzAiOnsiY3JlYXRlIjo2MDAwMDAwMDAwMDAsImRlbGV0ZSI6OTAwMDAwMDAwMDAwfSwic2NoZW1hX3ZlcnNpb24iOiIxIn0=",
          "dependencies": [
            "module.vpc.aws_vpc.vpc"
          ]
        }
      ]
    },
    {
      "module": "module.vpc",
      "mode": "managed",
      "type": "aws_security_group",
      "name": "Nexus_SG",
      "provider": "provider[\"registry.terraform.io/hashicorp/aws\"]",
      "instances": [
        {
          "schema_version": 1,
          "attributes": {
            "arn": "arn:aws:ec2:eu-west-2:129372081370:security-group/sg-050650c1e37e8fe0e",
            "description": "Allow TLS inbound traffic",
            "egress": [
              {
                "cidr_blocks": [
                  "0.0.0.0/0"
                ],
                "description": "",
                "from_port": 0,
                "ipv6_cidr_blocks": [],
                "prefix_list_ids": [],
                "protocol": "-1",
                "security_groups": [],
                "self": false,
                "to_port": 0
              }
            ],
            "id": "sg-050650c1e37e8fe0e",
            "ingress": [
              {
                "cidr_blocks": [
                  "0.0.0.0/0"
                ],
                "description": "Allow nexus access",
                "from_port": 8081,
                "ipv6_cidr_blocks": [],
                "prefix_list_ids": [],
                "protocol": "tcp",
                "security_groups": [],
                "self": false,
                "to_port": 8081
              },
              {
                "cidr_blocks": [
                  "0.0.0.0/0"
                ],
                "description": "Allow nexus access",
                "from_port": 8085,
                "ipv6_cidr_blocks": [],
                "prefix_list_ids": [],
                "protocol": "tcp",
                "security_groups": [],
                "self": false,
                "to_port": 8085
              },
              {
                "cidr_blocks": [
                  "0.0.0.0/0"
                ],
                "description": "Allow ssh Access",
                "from_port": 22,
                "ipv6_cidr_blocks": [],
                "prefix_list_ids": [],
                "protocol": "tcp",
                "security_groups": [],
                "self": false,
                "to_port": 22
              }
            ],
            "name": "peniel-nexus-sg",
            "name_prefix": "",
            "owner_id": "129372081370",
            "revoke_rules_on_delete": false,
            "tags": {
              "Name": "peniel-nexus-sg"
            },
            "tags_all": {
              "Name": "peniel-nexus-sg"
            },
            "timeouts": null,
            "vpc_id": "vpc-08aba60287d5bb76e"
          },
          "sensitive_attributes": [],
          "private": "eyJlMmJmYjczMC1lY2FhLTExZTYtOGY4OC0zNDM2M2JjN2M0YzAiOnsiY3JlYXRlIjo2MDAwMDAwMDAwMDAsImRlbGV0ZSI6OTAwMDAwMDAwMDAwfSwic2NoZW1hX3ZlcnNpb24iOiIxIn0=",
          "dependencies": [
            "module.vpc.aws_vpc.vpc"
          ]
        }
      ]
    },
    {
      "module": "module.vpc",
      "mode": "managed",
      "type": "aws_security_group",
      "name": "bastion-ansible",
      "provider": "provider[\"registry.terraform.io/hashicorp/aws\"]",
      "instances": [
        {
          "schema_version": 1,
          "attributes": {
            "arn": "arn:aws:ec2:eu-west-2:129372081370:security-group/sg-0d72357ed17582194",
            "description": "Bastion and Ansible Security Group",
            "egress": [
              {
                "cidr_blocks": [
                  "0.0.0.0/0"
                ],
                "description": "",
                "from_port": 0,
                "ipv6_cidr_blocks": [],
                "prefix_list_ids": [],
                "protocol": "-1",
                "security_groups": [],
                "self": false,
                "to_port": 0
              }
            ],
            "id": "sg-0d72357ed17582194",
            "ingress": [
              {
                "cidr_blocks": [
                  "0.0.0.0/0"
                ],
                "description": "bastion-ansible ssh port",
                "from_port": 22,
                "ipv6_cidr_blocks": [],
                "prefix_list_ids": [],
                "protocol": "tcp",
                "security_groups": [],
                "self": false,
                "to_port": 22
              }
            ],
            "name": "peniel-bastion-ansible-sg",
            "name_prefix": "",
            "owner_id": "129372081370",
            "revoke_rules_on_delete": false,
            "tags": {
              "Name": "peniel-bastion-ansible-sg"
            },
            "tags_all": {
              "Name": "peniel-bastion-ansible-sg"
            },
            "timeouts": null,
            "vpc_id": "vpc-08aba60287d5bb76e"
          },
          "sensitive_attributes": [],
          "private": "eyJlMmJmYjczMC1lY2FhLTExZTYtOGY4OC0zNDM2M2JjN2M0YzAiOnsiY3JlYXRlIjo2MDAwMDAwMDAwMDAsImRlbGV0ZSI6OTAwMDAwMDAwMDAwfSwic2NoZW1hX3ZlcnNpb24iOiIxIn0=",
          "dependencies": [
            "module.vpc.aws_vpc.vpc"
          ]
        }
      ]
    },
    {
      "module": "module.vpc",
      "mode": "managed",
      "type": "aws_security_group",
      "name": "docker-SG",
      "provider": "provider[\"registry.terraform.io/hashicorp/aws\"]",
      "instances": [
        {
          "schema_version": 1,
          "attributes": {
            "arn": "arn:aws:ec2:eu-west-2:129372081370:security-group/sg-07ff537f136024c3a",
            "description": "Docker Security Group",
            "egress": [
              {
                "cidr_blocks": [
                  "0.0.0.0/0"
                ],
                "description": "",
                "from_port": 0,
                "ipv6_cidr_blocks": [],
                "prefix_list_ids": [],
                "protocol": "-1",
                "security_groups": [],
                "self": false,
                "to_port": 0
              }
            ],
            "id": "sg-07ff537f136024c3a",
            "ingress": [
              {
                "cidr_blocks": [
                  "0.0.0.0/0"
                ],
                "description": "docker port proxy",
                "from_port": 8080,
                "ipv6_cidr_blocks": [],
                "prefix_list_ids": [],
                "protocol": "tcp",
                "security_groups": [],
                "self": false,
                "to_port": 8080
              },
              {
                "cidr_blocks": [
                  "0.0.0.0/0"
                ],
                "description": "docker ssh port",
                "from_port": 22,
                "ipv6_cidr_blocks": [],
                "prefix_list_ids": [],
                "protocol": "tcp",
                "security_groups": [],
                "self": false,
                "to_port": 22
              },
              {
                "cidr_blocks": [
                  "0.0.0.0/0"
                ],
                "description": "http port",
                "from_port": 80,
                "ipv6_cidr_blocks": [],
                "prefix_list_ids": [],
                "protocol": "tcp",
                "security_groups": [],
                "self": false,
                "to_port": 80
              },
              {
                "cidr_blocks": [
                  "0.0.0.0/0"
                ],
                "description": "https port",
                "from_port": 443,
                "ipv6_cidr_blocks": [],
                "prefix_list_ids": [],
                "protocol": "tcp",
                "security_groups": [],
                "self": false,
                "to_port": 443
              }
            ],
            "name": "peniel-docker-sg",
            "name_prefix": "",
            "owner_id": "129372081370",
            "revoke_rules_on_delete": false,
            "tags": {
              "Name": "peniel-docker-sg"
            },
            "tags_all": {
              "Name": "peniel-docker-sg"
            },
            "timeouts": null,
            "vpc_id": "vpc-08aba60287d5bb76e"
          },
          "sensitive_attributes": [],
          "private": "eyJlMmJmYjczMC1lY2FhLTExZTYtOGY4OC0zNDM2M2JjN2M0YzAiOnsiY3JlYXRlIjo2MDAwMDAwMDAwMDAsImRlbGV0ZSI6OTAwMDAwMDAwMDAwfSwic2NoZW1hX3ZlcnNpb24iOiIxIn0=",
          "dependencies": [
            "module.vpc.aws_vpc.vpc"
          ]
        }
      ]
    },
    {
      "module": "module.vpc",
      "mode": "managed",
      "type": "aws_security_group",
      "name": "sonarqube-sg",
      "provider": "provider[\"registry.terraform.io/hashicorp/aws\"]",
      "instances": [
        {
          "schema_version": 1,
          "attributes": {
            "arn": "arn:aws:ec2:eu-west-2:129372081370:security-group/sg-01891a9fc9051044e",
            "description": "sonarqube-sg",
            "egress": [
              {
                "cidr_blocks": [
                  "0.0.0.0/0"
                ],
                "description": "",
                "from_port": 0,
                "ipv6_cidr_blocks": [],
                "prefix_list_ids": [],
                "protocol": "-1",
                "security_groups": [],
                "self": false,
                "to_port": 0
              }
            ],
            "id": "sg-01891a9fc9051044e",
            "ingress": [
              {
                "cidr_blocks": [
                  "0.0.0.0/0"
                ],
                "description": "SonarQube port",
                "from_port": 9000,
                "ipv6_cidr_blocks": [],
                "prefix_list_ids": [],
                "protocol": "tcp",
                "security_groups": [],
                "self": false,
                "to_port": 9000
              },
              {
                "cidr_blocks": [
                  "0.0.0.0/0"
                ],
                "description": "ssh access",
                "from_port": 22,
                "ipv6_cidr_blocks": [],
                "prefix_list_ids": [],
                "protocol": "tcp",
                "security_groups": [],
                "self": false,
                "to_port": 22
              }
            ],
            "name": "peniel-sonarqube-sg",
            "name_prefix": "",
            "owner_id": "129372081370",
            "revoke_rules_on_delete": false,
            "tags": {
              "Name": "peniel-sonarqube-sg"
            },
            "tags_all": {
              "Name": "peniel-sonarqube-sg"
            },
            "timeouts": null,
            "vpc_id": "vpc-08aba60287d5bb76e"
          },
          "sensitive_attributes": [],
          "private": "eyJlMmJmYjczMC1lY2FhLTExZTYtOGY4OC0zNDM2M2JjN2M0YzAiOnsiY3JlYXRlIjo2MDAwMDAwMDAwMDAsImRlbGV0ZSI6OTAwMDAwMDAwMDAwfSwic2NoZW1hX3ZlcnNpb24iOiIxIn0=",
          "dependencies": [
            "module.vpc.aws_vpc.vpc"
          ]
        }
      ]
    },
    {
      "module": "module.vpc",
      "mode": "managed",
      "type": "aws_vpc",
      "name": "vpc",
      "provider": "provider[\"registry.terraform.io/hashicorp/aws\"]",
      "instances": [
        {
          "schema_version": 1,
          "attributes": {
            "arn": "arn:aws:ec2:eu-west-2:129372081370:vpc/vpc-08aba60287d5bb76e",
            "assign_generated_ipv6_cidr_block": false,
            "cidr_block": "10.0.0.0/16",
            "default_network_acl_id": "acl-097c459d2d9c4b5a3",
            "default_route_table_id": "rtb-05d4d24fc08ae0ca8",
            "default_security_group_id": "sg-04cf656c325f34a19",
            "dhcp_options_id": "dopt-05034a46034f66299",
            "enable_dns_hostnames": false,
            "enable_dns_support": true,
            "enable_network_address_usage_metrics": false,
            "id": "vpc-08aba60287d5bb76e",
            "instance_tenancy": "default",
            "ipv4_ipam_pool_id": null,
            "ipv4_netmask_length": null,
            "ipv6_association_id": "",
            "ipv6_cidr_block": "",
            "ipv6_cidr_block_network_border_group": "",
            "ipv6_ipam_pool_id": "",
            "ipv6_netmask_length": 0,
            "main_route_table_id": "rtb-05d4d24fc08ae0ca8",
            "owner_id": "129372081370",
            "tags": {
              "Name": "peniel-vpc"
            },
            "tags_all": {
              "Name": "peniel-vpc"
            }
          },
          "sensitive_attributes": [],
          "private": "eyJzY2hlbWFfdmVyc2lvbiI6IjEifQ=="
        }
      ]
    },
    {
      "module": "module.vpc",
      "mode": "managed",
      "type": "local_file",
      "name": "keypair-file",
      "provider": "provider[\"registry.terraform.io/hashicorp/local\"]",
      "instances": [
        {
          "schema_version": 0,
          "attributes": {
            "content": "-----BEGIN RSA PRIVATE KEY-----\nMIIJKgIBAAKCAgEA0xvrsMUxO1O2bw7E4rAlXaLcOdxMeiTS9akeYUiLFWLSd1Jj\nk71kZseyPc52FxPMhijIZkRu+Z7ko+PEzWCfEcF/LlJAx5Dn3XiFawOHvLlWr0NK\npRauXexvRWY52mpr3z5AyFCjwI6y3XgqYXWaZfqemQOcvnKufee4o24sLaobMdJI\nzMyoaHYKXl7aOwWQwhWyn2K1D1i116I918Zg3uONQ8HlABrHJistPEuqOdWCMeF3\nQ/xAJ4EoGnAPB2KQjhDCNpDwvzLiEoITVe2SSgzgeCywS5mvSbVr0iUnJoud9s+O\n6xLQNj/9mWCHWXN3xu2vG+B/TSdH3mNrbHWEYYQGmtlxyinKXHbjLfeERA2VZys1\nXAZBNQxxpFJFXmKj2IBanxKAhg4tjB5Y7s4B23SC7vRkofLpkMW1oOrMSJ7CTl2a\n8bhFRHqGVFO+s/j85QPCpOSlwqDqRWU4xP1ASLQ9OaDEcTUeVkr347zFzOIzoXpO\nvYqn6SR9sCHqj6QjRSxbtlkDQ8wszSIMqiBp8C9HTWqs1NsRu4uKzDCg+i4u+8AE\nH2YY3UCIeVIU4t1KELFf9j+5MFvXdV1RCvNc3621OTV7uB3WzYcglLD/85oyLWwu\nHOnmaml+KPtdGd8fx2jWhD4omQxlyYZWkD4fFbW4xyDKRu3L8rdThmmQut8CAwEA\nAQKCAgEArsBMB9YT/NI9EA2fuS6qn6oytsq/m9RjtOs7tLgCOb/GDPPsbd23AMWJ\nrFP9uPiwstWLnexEGOoIxgnDXWcABgiwqL151jkDVndvqbgQYo7hTM9dOO9fg2w2\nZ7JJbZ3ukavMoITwKHN3aJESM/7Pwl8FbhBpbdUs0BhC5TZL57kKLeGuVamMNnyP\n9LJ736Opwp+HbxycWInMbSVmH/mdMqQWyeH1GHMSK2xOU70muh0dWwESYvqqeIkX\nk1rzdd+HXbJNsjGkuAD81ulJ7DVuhVHHdnM3tD0RtugwypHqqKOmLSp/WeQG6wFp\ngc8/+zH0En2qGF9rwYgkm9ickfltjHGaw62Z+PxDbETGc5kJX1bg4P57BKibAMg1\npj0dbcXeJZ2N5vKyS11YzU0pgm/h6a6X8P6FRJHpryMaEKG4Dc8pTXNI5LUOn68N\nbaiHurVtgtDHufZ7qFjZ+Dm9zyFUW3Eb8dbXNBzuVzUZRj/bRD3Pg77x4+VyWKkn\nA2DUc+5qTa3NvW8xkyO99WQIwneW/fH2Lb3KiR6FJcRm7JyyGMAhXKAb2FlPFQu4\nMgKSRR1p9OcMCKRsTHcTZgdd/EAnXKFomHqtY/sSQedxXVMhxGz5VG4ERI0mEbA3\nxy4uv21+KGFPoM1qqp4+MfUNhDEtmKFqD5wSvgXpK//MX96W8uECggEBAPkiZ0Jg\nM8l0lK0Y9OKlQvorkPrt7xneTQIptcZCvLx21wBs2cFcAEET83oCIj+4NlcSYCuF\nXKbiHTikYn7Ge7GH6wn7W4sDPxBzNAWdF40jlkJPkVcONTHUklV8XPa9ArGWSreL\nGXiNi6xXTY5XDDAO/lkb2S2NoEua1sl2ti/OqdcnBBe6jQxjQ7eOKPx1Ju5LWGGG\npE/0YbUXRtefBy+6R+cGhn5dE5h0OmLrPYCbmqZ7TdodeOL7XBUQEQPmZwiqOk01\ndaeD6lySTZyPskfEJMVNaYA7HHyC5uzoylUfxbtk0JGQuUSlNEtLQ/OO6bNV6BVJ\nGM/s4VN37b4a02cCggEBANjtQXir1fn4jStRDxOLlPInVEVhwGSY2KQzKDohLWg+\n06vV7bU3EU/vbNdiXLr26la6lIyI/qZKeT0Cp35uu2eG8cchf3D+/ZBK4Zw0HNhh\n4+F6k28jV1Cz+bulJcRMuCwf5v+bAogW35ynC5AxB3SQDQAoqFLXuCY/zJ1bzsuI\n2C/rfbEKo9Rif8VGiTexcyEozpOvZr1ZygbdJNHdVUwBcdecSDdTOYwUq/v363LT\nsRI40ObYSy0rWiKWaLJWB6bgph67KZKUUwsOTpvdmBIVidlM8K0b0Vh2Jnq8AuwF\n2WFzd1fJrVv83t4o76zK7Eyq88d03QYtR4Bz2Swo6ckCggEBAL3W9F5E1lF1b3Fz\nae9mxOHC3ugG9MJ+fanfRK893XmzCOQ/DbNkuqDcZhSbmaN6aJXy36tqJQ7ZkDDA\nOnmmH01JZ9WkXr5QC/cqAgMhEHgxHOeMoBB5OBmvhI51hJVTs8DE6ExyR0dwfHUn\n1WZYeGYKltAqA1TN7c6Ov4qm1e8aCJt1FI5MTfyZi1lMj3jIgJDmgwNVyNFQRD/s\n68OUX7KDvRSTCVsy66KpNnB4FtZwO+kOXmWNPbegmCtIod6Z6/tTU7fPu8aZI7XE\nmjVp3g0HrolWEsVuxacvTG5MeRlia5b/HFs/r51aUb3qLW5jgTtxg7bsi2atd4nW\nAihxYpMCggEBAM+7TBIpw8wQJ+fORPi7lxPZc8rJVDtBX1zGnIQmF1yXpY4NXAhI\nRqzco8cSK6jjIP+SxwRZgDpwYO965jieA5qdUFUYD/l+RgVyn+A8y06vV1EqV5t7\nJXdkEgeOm78ClO+0UTp/D4qRFOvnz5vyR6ho9for9Rz39SGzwNcD/uFMF3K0OXZb\nsQ2GkcKxzF9n789WS5SDyIgVPvEZvtO196PEUmdeAo3whdBOT3AINxGMBSpk/C/D\n+yGzPSqYDISS+9rjkFEnfCUhIvEYb1C1gJX4yDwugN/VHsFuy2SHPOkWpNe8ghGw\nUPIhEq9+Vh6LaIP2xWJA2BO9Mpag2dx/BXkCggEAS57eE2Zcj8B+DtuUK99AnCoc\nSJyKFnBMMV6gRnTTnbHBO1Z3EsPTDpc/l0ORJ5NFE7dHjL7R4BU7nTJ7rSN9Oc3j\nk9zEM3YgjgE/Ox8jxfG3a4hMBLx1t3KSNeB/7TU86SMkz2QILo1MitdqbwuXWaNN\n4xGE541oe+w7e0QxB2LPyRT9O7Kmx92VNsDkJIhu+b77N12Bb9U0STSNvYo7i30O\nRwhzMh3MCXH4t2qW+E2oY+hQm5rnur+RORgB6MBLyC+WFpY86iABv4y7tpX+dNuc\ntQpIXSF8bc32gUMhjZGVQ8bmnXTZAlyKjj1Cu9HTiFNIuqt8QPTcHIR/yyHdXA==\n-----END RSA PRIVATE KEY-----\n",
            "content_base64": null,
            "content_base64sha256": "BgTHvy1+rILmNQ5QlRc+OwLzAJyJyonBrNYaXvRcBKk=",
            "content_base64sha512": "La6Rkj2Sa20ipmEQeh4iFPHrxPnCjvfyn/Cp1kPmMtvf3moKc5XnCNGtLgWaMIahT/UZlPyFcuOwjQjZg2QVPA==",
            "content_md5": "5d9392e44f95edad046b41418cfa46d1",
            "content_sha1": "21386dd74a1ab848adddc292ff94a325af1bab7c",
            "content_sha256": "0604c7bf2d7eac82e6350e5095173e3b02f3009c89ca89c1acd61a5ef45c04a9",
            "content_sha512": "2dae91923d926b6d22a661107a1e2214f1ebc4f9c28ef7f29ff0a9d643e632dbdfde6a0a7395e708d1ad2e059a3086a14ff51994fc8572e3b08d08d98364153c",
            "directory_permission": "0777",
            "file_permission": "600",
            "filename": "keypair.pem",
            "id": "21386dd74a1ab848adddc292ff94a325af1bab7c",
            "sensitive_content": null,
            "source": null
          },
          "sensitive_attributes": [
            [
              {
                "type": "get_attr",
                "value": "content"
              }
            ]
          ],
          "dependencies": [
            "module.vpc.tls_private_key.keypair"
          ]
        }
      ]
    },
    {
      "module": "module.vpc",
      "mode": "managed",
      "type": "tls_private_key",
      "name": "keypair",
      "provider": "provider[\"registry.terraform.io/hashicorp/tls\"]",
      "instances": [
        {
          "schema_version": 1,
          "attributes": {
            "algorithm": "RSA",
            "ecdsa_curve": "P224",
            "id": "942e439715250f1ceb687fc2d120720f0048b859",
            "private_key_openssh": "-----BEGIN OPENSSH PRIVATE KEY-----\nb3BlbnNzaC1rZXktdjEAAAAABG5vbmUAAAAEbm9uZQAAAAAAAAABAAACFwAAAAdz\nc2gtcnNhAAAAAwEAAQAAAgEA0xvrsMUxO1O2bw7E4rAlXaLcOdxMeiTS9akeYUiL\nFWLSd1Jjk71kZseyPc52FxPMhijIZkRu+Z7ko+PEzWCfEcF/LlJAx5Dn3XiFawOH\nvLlWr0NKpRauXexvRWY52mpr3z5AyFCjwI6y3XgqYXWaZfqemQOcvnKufee4o24s\nLaobMdJIzMyoaHYKXl7aOwWQwhWyn2K1D1i116I918Zg3uONQ8HlABrHJistPEuq\nOdWCMeF3Q/xAJ4EoGnAPB2KQjhDCNpDwvzLiEoITVe2SSgzgeCywS5mvSbVr0iUn\nJoud9s+O6xLQNj/9mWCHWXN3xu2vG+B/TSdH3mNrbHWEYYQGmtlxyinKXHbjLfeE\nRA2VZys1XAZBNQxxpFJFXmKj2IBanxKAhg4tjB5Y7s4B23SC7vRkofLpkMW1oOrM\nSJ7CTl2a8bhFRHqGVFO+s/j85QPCpOSlwqDqRWU4xP1ASLQ9OaDEcTUeVkr347zF\nzOIzoXpOvYqn6SR9sCHqj6QjRSxbtlkDQ8wszSIMqiBp8C9HTWqs1NsRu4uKzDCg\n+i4u+8AEH2YY3UCIeVIU4t1KELFf9j+5MFvXdV1RCvNc3621OTV7uB3WzYcglLD/\n85oyLWwuHOnmaml+KPtdGd8fx2jWhD4omQxlyYZWkD4fFbW4xyDKRu3L8rdThmmQ\nut8AAAc4GYadchmGnXIAAAAHc3NoLXJzYQAAAgEA0xvrsMUxO1O2bw7E4rAlXaLc\nOdxMeiTS9akeYUiLFWLSd1Jjk71kZseyPc52FxPMhijIZkRu+Z7ko+PEzWCfEcF/\nLlJAx5Dn3XiFawOHvLlWr0NKpRauXexvRWY52mpr3z5AyFCjwI6y3XgqYXWaZfqe\nmQOcvnKufee4o24sLaobMdJIzMyoaHYKXl7aOwWQwhWyn2K1D1i116I918Zg3uON\nQ8HlABrHJistPEuqOdWCMeF3Q/xAJ4EoGnAPB2KQjhDCNpDwvzLiEoITVe2SSgzg\neCywS5mvSbVr0iUnJoud9s+O6xLQNj/9mWCHWXN3xu2vG+B/TSdH3mNrbHWEYYQG\nmtlxyinKXHbjLfeERA2VZys1XAZBNQxxpFJFXmKj2IBanxKAhg4tjB5Y7s4B23SC\n7vRkofLpkMW1oOrMSJ7CTl2a8bhFRHqGVFO+s/j85QPCpOSlwqDqRWU4xP1ASLQ9\nOaDEcTUeVkr347zFzOIzoXpOvYqn6SR9sCHqj6QjRSxbtlkDQ8wszSIMqiBp8C9H\nTWqs1NsRu4uKzDCg+i4u+8AEH2YY3UCIeVIU4t1KELFf9j+5MFvXdV1RCvNc3621\nOTV7uB3WzYcglLD/85oyLWwuHOnmaml+KPtdGd8fx2jWhD4omQxlyYZWkD4fFbW4\nxyDKRu3L8rdThmmQut8AAAADAQABAAACAQCuwEwH1hP80j0QDZ+5LqqfqjK2yr+b\n1GO06zu0uAI5v8YM8+xt3bcAxYmsU/24+LCy1Yud7EQY6gjGCcNdZwAGCLCovXnW\nOQNWd2+puBBijuFMz10471+DbDZnskltne6Rq8yghPAoc3dokRIz/s/CXwVuEGlt\n1SzQGELlNkvnuQot4a5VqYw2fI/0snvfo6nCn4dvHJxYicxtJWYf+Z0ypBbJ4fUY\ncxIrbE5TvSa6HR1bARJi+qp4iReTWvN134ddsk2yMaS4APzW6UnsNW6FUcd2cze0\nPRG26DDKkeqoo6YtKn9Z5AbrAWmBzz/7MfQSfaoYX2vBiCSb2JyR+W2McZrDrZn4\n/ENsRMZzmQlfVuDg/nsEqJsAyDWmPR1txd4lnY3m8rJLXVjNTSmCb+Hprpfw/oVE\nkemvIxoQobgNzylNc0jktQ6frw1tqIe6tW2C0Me59nuoWNn4Ob3PIVRbcRvx1tc0\nHO5XNRlGP9tEPc+DvvHj5XJYqScDYNRz7mpNrc29bzGTI731ZAjCd5b98fYtvcqJ\nHoUlxGbsnLIYwCFcoBvYWU8VC7gyApJFHWn05wwIpGxMdxNmB138QCdcoWiYeq1j\n+xJB53FdUyHEbPlUbgREjSYRsDfHLi6/bX4oYU+gzWqqnj4x9Q2EMS2YoWoPnBK+\nBekr/8xf3pby4QAAAQBLnt4TZlyPwH4O25Qr30CcKhxInIoWcEwxXqBGdNOdscE7\nVncSw9MOlz+XQ5Enk0UTt0eMvtHgFTudMnutI305zeOT3MQzdiCOAT87HyPF8bdr\niEwEvHW3cpI14H/tNTzpIyTPZAgujUyK12pvC5dZo03jEYTnjWh77Dt7RDEHYs/J\nFP07sqbH3ZU2wOQkiG75vvs3XYFv1TRJNI29ijuLfQ5HCHMyHcwJcfi3apb4Tahj\n6FCbmue6v5E5GAHowEvIL5YWljzqIAG/jLu2lf5025y1CkhdIXxtzfaBQyGNkZVD\nxuaddNkCXIqOPUK70dOIU0i6q3xA9NwchH/LId1cAAABAQD5ImdCYDPJdJStGPTi\npUL6K5D67e8Z3k0CKbXGQry8dtcAbNnBXABBE/N6AiI/uDZXEmArhVym4h04pGJ+\nxnuxh+sJ+1uLAz8QczQFnReNI5ZCT5FXDjUx1JJVfFz2vQKxlkq3ixl4jYusV02O\nVwwwDv5ZG9ktjaBLmtbJdrYvzqnXJwQXuo0MY0O3jij8dSbuS1hhhqRP9GG1F0bX\nnwcvukfnBoZ+XROYdDpi6z2Am5qme03aHXji+1wVEBED5mcIqjpNNXWng+pckk2c\nj7JHxCTFTWmAOxx8gubs6MpVH8W7ZNCRkLlEpTRLS0PzjumzVegVSRjP7OFTd+2+\nGtNnAAABAQDY7UF4q9X5+I0rUQ8Ti5TyJ1RFYcBkmNikMyg6IS1oPtOr1e21NxFP\n72zXYly69upWupSMiP6mSnk9Aqd+brtnhvHHIX9w/v2QSuGcNBzYYePhepNvI1dQ\ns/m7pSXETLgsH+b/mwKIFt+cpwuQMQd0kA0AKKhS17gmP8ydW87LiNgv632xCqPU\nYn/FRok3sXMhKM6Tr2a9WcoG3STR3VVMAXHXnEg3UzmMFKv79+ty07ESONDm2Est\nK1oilmiyVgem4KYeuymSlFMLDk6b3ZgSFYnZTPCtG9FYdiZ6vALsBdlhc3dXya1b\n/N7eKO+syuxMqvPHdN0GLUeAc9ksKOnJAAAAAAEC\n-----END OPENSSH PRIVATE KEY-----\n",
            "private_key_pem": "-----BEGIN RSA PRIVATE KEY-----\nMIIJKgIBAAKCAgEA0xvrsMUxO1O2bw7E4rAlXaLcOdxMeiTS9akeYUiLFWLSd1Jj\nk71kZseyPc52FxPMhijIZkRu+Z7ko+PEzWCfEcF/LlJAx5Dn3XiFawOHvLlWr0NK\npRauXexvRWY52mpr3z5AyFCjwI6y3XgqYXWaZfqemQOcvnKufee4o24sLaobMdJI\nzMyoaHYKXl7aOwWQwhWyn2K1D1i116I918Zg3uONQ8HlABrHJistPEuqOdWCMeF3\nQ/xAJ4EoGnAPB2KQjhDCNpDwvzLiEoITVe2SSgzgeCywS5mvSbVr0iUnJoud9s+O\n6xLQNj/9mWCHWXN3xu2vG+B/TSdH3mNrbHWEYYQGmtlxyinKXHbjLfeERA2VZys1\nXAZBNQxxpFJFXmKj2IBanxKAhg4tjB5Y7s4B23SC7vRkofLpkMW1oOrMSJ7CTl2a\n8bhFRHqGVFO+s/j85QPCpOSlwqDqRWU4xP1ASLQ9OaDEcTUeVkr347zFzOIzoXpO\nvYqn6SR9sCHqj6QjRSxbtlkDQ8wszSIMqiBp8C9HTWqs1NsRu4uKzDCg+i4u+8AE\nH2YY3UCIeVIU4t1KELFf9j+5MFvXdV1RCvNc3621OTV7uB3WzYcglLD/85oyLWwu\nHOnmaml+KPtdGd8fx2jWhD4omQxlyYZWkD4fFbW4xyDKRu3L8rdThmmQut8CAwEA\nAQKCAgEArsBMB9YT/NI9EA2fuS6qn6oytsq/m9RjtOs7tLgCOb/GDPPsbd23AMWJ\nrFP9uPiwstWLnexEGOoIxgnDXWcABgiwqL151jkDVndvqbgQYo7hTM9dOO9fg2w2\nZ7JJbZ3ukavMoITwKHN3aJESM/7Pwl8FbhBpbdUs0BhC5TZL57kKLeGuVamMNnyP\n9LJ736Opwp+HbxycWInMbSVmH/mdMqQWyeH1GHMSK2xOU70muh0dWwESYvqqeIkX\nk1rzdd+HXbJNsjGkuAD81ulJ7DVuhVHHdnM3tD0RtugwypHqqKOmLSp/WeQG6wFp\ngc8/+zH0En2qGF9rwYgkm9ickfltjHGaw62Z+PxDbETGc5kJX1bg4P57BKibAMg1\npj0dbcXeJZ2N5vKyS11YzU0pgm/h6a6X8P6FRJHpryMaEKG4Dc8pTXNI5LUOn68N\nbaiHurVtgtDHufZ7qFjZ+Dm9zyFUW3Eb8dbXNBzuVzUZRj/bRD3Pg77x4+VyWKkn\nA2DUc+5qTa3NvW8xkyO99WQIwneW/fH2Lb3KiR6FJcRm7JyyGMAhXKAb2FlPFQu4\nMgKSRR1p9OcMCKRsTHcTZgdd/EAnXKFomHqtY/sSQedxXVMhxGz5VG4ERI0mEbA3\nxy4uv21+KGFPoM1qqp4+MfUNhDEtmKFqD5wSvgXpK//MX96W8uECggEBAPkiZ0Jg\nM8l0lK0Y9OKlQvorkPrt7xneTQIptcZCvLx21wBs2cFcAEET83oCIj+4NlcSYCuF\nXKbiHTikYn7Ge7GH6wn7W4sDPxBzNAWdF40jlkJPkVcONTHUklV8XPa9ArGWSreL\nGXiNi6xXTY5XDDAO/lkb2S2NoEua1sl2ti/OqdcnBBe6jQxjQ7eOKPx1Ju5LWGGG\npE/0YbUXRtefBy+6R+cGhn5dE5h0OmLrPYCbmqZ7TdodeOL7XBUQEQPmZwiqOk01\ndaeD6lySTZyPskfEJMVNaYA7HHyC5uzoylUfxbtk0JGQuUSlNEtLQ/OO6bNV6BVJ\nGM/s4VN37b4a02cCggEBANjtQXir1fn4jStRDxOLlPInVEVhwGSY2KQzKDohLWg+\n06vV7bU3EU/vbNdiXLr26la6lIyI/qZKeT0Cp35uu2eG8cchf3D+/ZBK4Zw0HNhh\n4+F6k28jV1Cz+bulJcRMuCwf5v+bAogW35ynC5AxB3SQDQAoqFLXuCY/zJ1bzsuI\n2C/rfbEKo9Rif8VGiTexcyEozpOvZr1ZygbdJNHdVUwBcdecSDdTOYwUq/v363LT\nsRI40ObYSy0rWiKWaLJWB6bgph67KZKUUwsOTpvdmBIVidlM8K0b0Vh2Jnq8AuwF\n2WFzd1fJrVv83t4o76zK7Eyq88d03QYtR4Bz2Swo6ckCggEBAL3W9F5E1lF1b3Fz\nae9mxOHC3ugG9MJ+fanfRK893XmzCOQ/DbNkuqDcZhSbmaN6aJXy36tqJQ7ZkDDA\nOnmmH01JZ9WkXr5QC/cqAgMhEHgxHOeMoBB5OBmvhI51hJVTs8DE6ExyR0dwfHUn\n1WZYeGYKltAqA1TN7c6Ov4qm1e8aCJt1FI5MTfyZi1lMj3jIgJDmgwNVyNFQRD/s\n68OUX7KDvRSTCVsy66KpNnB4FtZwO+kOXmWNPbegmCtIod6Z6/tTU7fPu8aZI7XE\nmjVp3g0HrolWEsVuxacvTG5MeRlia5b/HFs/r51aUb3qLW5jgTtxg7bsi2atd4nW\nAihxYpMCggEBAM+7TBIpw8wQJ+fORPi7lxPZc8rJVDtBX1zGnIQmF1yXpY4NXAhI\nRqzco8cSK6jjIP+SxwRZgDpwYO965jieA5qdUFUYD/l+RgVyn+A8y06vV1EqV5t7\nJXdkEgeOm78ClO+0UTp/D4qRFOvnz5vyR6ho9for9Rz39SGzwNcD/uFMF3K0OXZb\nsQ2GkcKxzF9n789WS5SDyIgVPvEZvtO196PEUmdeAo3whdBOT3AINxGMBSpk/C/D\n+yGzPSqYDISS+9rjkFEnfCUhIvEYb1C1gJX4yDwugN/VHsFuy2SHPOkWpNe8ghGw\nUPIhEq9+Vh6LaIP2xWJA2BO9Mpag2dx/BXkCggEAS57eE2Zcj8B+DtuUK99AnCoc\nSJyKFnBMMV6gRnTTnbHBO1Z3EsPTDpc/l0ORJ5NFE7dHjL7R4BU7nTJ7rSN9Oc3j\nk9zEM3YgjgE/Ox8jxfG3a4hMBLx1t3KSNeB/7TU86SMkz2QILo1MitdqbwuXWaNN\n4xGE541oe+w7e0QxB2LPyRT9O7Kmx92VNsDkJIhu+b77N12Bb9U0STSNvYo7i30O\nRwhzMh3MCXH4t2qW+E2oY+hQm5rnur+RORgB6MBLyC+WFpY86iABv4y7tpX+dNuc\ntQpIXSF8bc32gUMhjZGVQ8bmnXTZAlyKjj1Cu9HTiFNIuqt8QPTcHIR/yyHdXA==\n-----END RSA PRIVATE KEY-----\n",
            "private_key_pem_pkcs8": "-----BEGIN PRIVATE KEY-----\nMIIJRAIBADANBgkqhkiG9w0BAQEFAASCCS4wggkqAgEAAoICAQDTG+uwxTE7U7Zv\nDsTisCVdotw53Ex6JNL1qR5hSIsVYtJ3UmOTvWRmx7I9znYXE8yGKMhmRG75nuSj\n48TNYJ8RwX8uUkDHkOfdeIVrA4e8uVavQ0qlFq5d7G9FZjnaamvfPkDIUKPAjrLd\neCphdZpl+p6ZA5y+cq5957ijbiwtqhsx0kjMzKhodgpeXto7BZDCFbKfYrUPWLXX\noj3XxmDe441DweUAGscmKy08S6o51YIx4XdD/EAngSgacA8HYpCOEMI2kPC/MuIS\nghNV7ZJKDOB4LLBLma9JtWvSJScmi532z47rEtA2P/2ZYIdZc3fG7a8b4H9NJ0fe\nY2tsdYRhhAaa2XHKKcpcduMt94REDZVnKzVcBkE1DHGkUkVeYqPYgFqfEoCGDi2M\nHljuzgHbdILu9GSh8umQxbWg6sxInsJOXZrxuEVEeoZUU76z+PzlA8Kk5KXCoOpF\nZTjE/UBItD05oMRxNR5WSvfjvMXM4jOhek69iqfpJH2wIeqPpCNFLFu2WQNDzCzN\nIgyqIGnwL0dNaqzU2xG7i4rMMKD6Li77wAQfZhjdQIh5UhTi3UoQsV/2P7kwW9d1\nXVEK81zfrbU5NXu4HdbNhyCUsP/zmjItbC4c6eZqaX4o+10Z3x/HaNaEPiiZDGXJ\nhlaQPh8VtbjHIMpG7cvyt1OGaZC63wIDAQABAoICAQCuwEwH1hP80j0QDZ+5Lqqf\nqjK2yr+b1GO06zu0uAI5v8YM8+xt3bcAxYmsU/24+LCy1Yud7EQY6gjGCcNdZwAG\nCLCovXnWOQNWd2+puBBijuFMz10471+DbDZnskltne6Rq8yghPAoc3dokRIz/s/C\nXwVuEGlt1SzQGELlNkvnuQot4a5VqYw2fI/0snvfo6nCn4dvHJxYicxtJWYf+Z0y\npBbJ4fUYcxIrbE5TvSa6HR1bARJi+qp4iReTWvN134ddsk2yMaS4APzW6UnsNW6F\nUcd2cze0PRG26DDKkeqoo6YtKn9Z5AbrAWmBzz/7MfQSfaoYX2vBiCSb2JyR+W2M\ncZrDrZn4/ENsRMZzmQlfVuDg/nsEqJsAyDWmPR1txd4lnY3m8rJLXVjNTSmCb+Hp\nrpfw/oVEkemvIxoQobgNzylNc0jktQ6frw1tqIe6tW2C0Me59nuoWNn4Ob3PIVRb\ncRvx1tc0HO5XNRlGP9tEPc+DvvHj5XJYqScDYNRz7mpNrc29bzGTI731ZAjCd5b9\n8fYtvcqJHoUlxGbsnLIYwCFcoBvYWU8VC7gyApJFHWn05wwIpGxMdxNmB138QCdc\noWiYeq1j+xJB53FdUyHEbPlUbgREjSYRsDfHLi6/bX4oYU+gzWqqnj4x9Q2EMS2Y\noWoPnBK+Bekr/8xf3pby4QKCAQEA+SJnQmAzyXSUrRj04qVC+iuQ+u3vGd5NAim1\nxkK8vHbXAGzZwVwAQRPzegIiP7g2VxJgK4VcpuIdOKRifsZ7sYfrCftbiwM/EHM0\nBZ0XjSOWQk+RVw41MdSSVXxc9r0CsZZKt4sZeI2LrFdNjlcMMA7+WRvZLY2gS5rW\nyXa2L86p1ycEF7qNDGNDt44o/HUm7ktYYYakT/RhtRdG158HL7pH5waGfl0TmHQ6\nYus9gJuapntN2h144vtcFRARA+ZnCKo6TTV1p4PqXJJNnI+yR8QkxU1pgDscfILm\n7OjKVR/Fu2TQkZC5RKU0S0tD847ps1XoFUkYz+zhU3ftvhrTZwKCAQEA2O1BeKvV\n+fiNK1EPE4uU8idURWHAZJjYpDMoOiEtaD7Tq9XttTcRT+9s12JcuvbqVrqUjIj+\npkp5PQKnfm67Z4bxxyF/cP79kErhnDQc2GHj4XqTbyNXULP5u6UlxEy4LB/m/5sC\niBbfnKcLkDEHdJANACioUte4Jj/MnVvOy4jYL+t9sQqj1GJ/xUaJN7FzISjOk69m\nvVnKBt0k0d1VTAFx15xIN1M5jBSr+/frctOxEjjQ5thLLStaIpZoslYHpuCmHrsp\nkpRTCw5Om92YEhWJ2UzwrRvRWHYmerwC7AXZYXN3V8mtW/ze3ijvrMrsTKrzx3Td\nBi1HgHPZLCjpyQKCAQEAvdb0XkTWUXVvcXNp72bE4cLe6Ab0wn59qd9Erz3debMI\n5D8Ns2S6oNxmFJuZo3polfLfq2olDtmQMMA6eaYfTUln1aRevlAL9yoCAyEQeDEc\n54ygEHk4Ga+EjnWElVOzwMToTHJHR3B8dSfVZlh4ZgqW0CoDVM3tzo6/iqbV7xoI\nm3UUjkxN/JmLWUyPeMiAkOaDA1XI0VBEP+zrw5RfsoO9FJMJWzLroqk2cHgW1nA7\n6Q5eZY09t6CYK0ih3pnr+1NTt8+7xpkjtcSaNWneDQeuiVYSxW7Fpy9Mbkx5GWJr\nlv8cWz+vnVpRveotbmOBO3GDtuyLZq13idYCKHFikwKCAQEAz7tMEinDzBAn585E\n+LuXE9lzyslUO0FfXMachCYXXJeljg1cCEhGrNyjxxIrqOMg/5LHBFmAOnBg73rm\nOJ4Dmp1QVRgP+X5GBXKf4DzLTq9XUSpXm3sld2QSB46bvwKU77RROn8PipEU6+fP\nm/JHqGj1+iv1HPf1IbPA1wP+4UwXcrQ5dluxDYaRwrHMX2fvz1ZLlIPIiBU+8Rm+\n07X3o8RSZ14CjfCF0E5PcAg3EYwFKmT8L8P7IbM9KpgMhJL72uOQUSd8JSEi8Rhv\nULWAlfjIPC6A39UewW7LZIc86Rak17yCEbBQ8iESr35WHotog/bFYkDYE70ylqDZ\n3H8FeQKCAQBLnt4TZlyPwH4O25Qr30CcKhxInIoWcEwxXqBGdNOdscE7VncSw9MO\nlz+XQ5Enk0UTt0eMvtHgFTudMnutI305zeOT3MQzdiCOAT87HyPF8bdriEwEvHW3\ncpI14H/tNTzpIyTPZAgujUyK12pvC5dZo03jEYTnjWh77Dt7RDEHYs/JFP07sqbH\n3ZU2wOQkiG75vvs3XYFv1TRJNI29ijuLfQ5HCHMyHcwJcfi3apb4Tahj6FCbmue6\nv5E5GAHowEvIL5YWljzqIAG/jLu2lf5025y1CkhdIXxtzfaBQyGNkZVDxuaddNkC\nXIqOPUK70dOIU0i6q3xA9NwchH/LId1c\n-----END PRIVATE KEY-----\n",
            "public_key_fingerprint_md5": "f4:2c:8e:81:c0:4b:90:d8:4b:1d:1e:bb:a4:23:b3:e2",
            "public_key_fingerprint_sha256": "SHA256:WV3evXT5wXBU+PqGHThz8TdvUl4i2GN9flMTzqBNWe8",
            "public_key_openssh": "ssh-rsa AAAAB3NzaC1yc2EAAAADAQABAAACAQDTG+uwxTE7U7ZvDsTisCVdotw53Ex6JNL1qR5hSIsVYtJ3UmOTvWRmx7I9znYXE8yGKMhmRG75nuSj48TNYJ8RwX8uUkDHkOfdeIVrA4e8uVavQ0qlFq5d7G9FZjnaamvfPkDIUKPAjrLdeCphdZpl+p6ZA5y+cq5957ijbiwtqhsx0kjMzKhodgpeXto7BZDCFbKfYrUPWLXXoj3XxmDe441DweUAGscmKy08S6o51YIx4XdD/EAngSgacA8HYpCOEMI2kPC/MuISghNV7ZJKDOB4LLBLma9JtWvSJScmi532z47rEtA2P/2ZYIdZc3fG7a8b4H9NJ0feY2tsdYRhhAaa2XHKKcpcduMt94REDZVnKzVcBkE1DHGkUkVeYqPYgFqfEoCGDi2MHljuzgHbdILu9GSh8umQxbWg6sxInsJOXZrxuEVEeoZUU76z+PzlA8Kk5KXCoOpFZTjE/UBItD05oMRxNR5WSvfjvMXM4jOhek69iqfpJH2wIeqPpCNFLFu2WQNDzCzNIgyqIGnwL0dNaqzU2xG7i4rMMKD6Li77wAQfZhjdQIh5UhTi3UoQsV/2P7kwW9d1XVEK81zfrbU5NXu4HdbNhyCUsP/zmjItbC4c6eZqaX4o+10Z3x/HaNaEPiiZDGXJhlaQPh8VtbjHIMpG7cvyt1OGaZC63w==\n",
            "public_key_pem": "-----BEGIN PUBLIC KEY-----\nMIICIjANBgkqhkiG9w0BAQEFAAOCAg8AMIICCgKCAgEA0xvrsMUxO1O2bw7E4rAl\nXaLcOdxMeiTS9akeYUiLFWLSd1Jjk71kZseyPc52FxPMhijIZkRu+Z7ko+PEzWCf\nEcF/LlJAx5Dn3XiFawOHvLlWr0NKpRauXexvRWY52mpr3z5AyFCjwI6y3XgqYXWa\nZfqemQOcvnKufee4o24sLaobMdJIzMyoaHYKXl7aOwWQwhWyn2K1D1i116I918Zg\n3uONQ8HlABrHJistPEuqOdWCMeF3Q/xAJ4EoGnAPB2KQjhDCNpDwvzLiEoITVe2S\nSgzgeCywS5mvSbVr0iUnJoud9s+O6xLQNj/9mWCHWXN3xu2vG+B/TSdH3mNrbHWE\nYYQGmtlxyinKXHbjLfeERA2VZys1XAZBNQxxpFJFXmKj2IBanxKAhg4tjB5Y7s4B\n23SC7vRkofLpkMW1oOrMSJ7CTl2a8bhFRHqGVFO+s/j85QPCpOSlwqDqRWU4xP1A\nSLQ9OaDEcTUeVkr347zFzOIzoXpOvYqn6SR9sCHqj6QjRSxbtlkDQ8wszSIMqiBp\n8C9HTWqs1NsRu4uKzDCg+i4u+8AEH2YY3UCIeVIU4t1KELFf9j+5MFvXdV1RCvNc\n3621OTV7uB3WzYcglLD/85oyLWwuHOnmaml+KPtdGd8fx2jWhD4omQxlyYZWkD4f\nFbW4xyDKRu3L8rdThmmQut8CAwEAAQ==\n-----END PUBLIC KEY-----\n",
            "rsa_bits": 4096
          },
          "sensitive_attributes": []
        }
      ]
    }
  ],
  "check_results": null
}
